
Microsoft Visual Studio Solution File, Format Version 12.00
# Visual Studio Version 17
VisualStudioVersion = 17.14.36221.1 d17.14
MinimumVisualStudioVersion = 10.0.40219.1
Project("{FAE04EC0-301F-11D3-BF4B-00C04F79EFBC}") = "maui", "maui.csproj", "{B426C505-0E67-4182-801C-948594482EEB}"
EndProject
Global
	GlobalSection(SolutionConfigurationPlatforms) = preSolution
		Debug|Any CPU = Debug|Any CPU
		Release|Any CPU = Release|Any CPU
	EndGlobalSection
	GlobalSection(ProjectConfigurationPlatforms) = postSolution
		{B426C505-0E67-4182-801C-948594482EEB}.Debug|Any CPU.ActiveCfg = Debug|Any CPU
		{B426C505-0E67-4182-801C-948594482EEB}.Debug|Any CPU.Build.0 = Debug|Any CPU
		{B426C505-0E67-4182-801C-948594482EEB}.Release|Any CPU.ActiveCfg = Release|Any CPU
		{B426C505-0E67-4182-801C-948594482EEB}.Release|Any CPU.Build.0 = Release|Any CPU
	EndGlobalSection
	GlobalSection(SolutionProperties) = preSolution
		HideSolutionNode = FALSE
	EndGlobalSection
	GlobalSection(ExtensibilityGlobals) = postSolution
		SolutionGuid = {DE4D5060-1810-42F5-A088-8105DD1FA2ED}
	EndGlobalSection
EndGlobal
